
Microsoft Visual Studio Solution File, Format Version 12.00
# Visual Studio Version 17
VisualStudioVersion = 17.4.33205.214
MinimumVisualStudioVersion = 10.0.40219.1
Project("{FAE04EC0-301F-11D3-BF4B-00C04F79EFBC}") = "WindowsFormsApp9", "WindowsFormsApp9\WindowsFormsApp9.csproj", "{EF4CFC22-BA4F-48B6-AF0C-5BC876EDC56C}"
EndProject
Global
	GlobalSection(SolutionConfigurationPlatforms) = preSolution
		Debug|Any CPU = Debug|Any CPU
		Release|Any CPU = Release|Any CPU
	EndGlobalSection
	GlobalSection(ProjectConfigurationPlatforms) = postSolution
		{EF4CFC22-BA4F-48B6-AF0C-5BC876EDC56C}.Debug|Any CPU.ActiveCfg = Debug|Any CPU
		{EF4CFC22-BA4F-48B6-AF0C-5BC876EDC56C}.Debug|Any CPU.Build.0 = Debug|Any CPU
		{EF4CFC22-BA4F-48B6-AF0C-5BC876EDC56C}.Release|Any CPU.ActiveCfg = Release|Any CPU
		{EF4CFC22-BA4F-48B6-AF0C-5BC876EDC56C}.Release|Any CPU.Build.0 = Release|Any CPU
	EndGlobalSection
	GlobalSection(SolutionProperties) = preSolution
		HideSolutionNode = FALSE
	EndGlobalSection
	GlobalSection(ExtensibilityGlobals) = postSolution
		SolutionGuid = {1F13DF13-6572-4C0A-83CB-836381CF0B97}
	EndGlobalSection
EndGlobal
